
Microsoft Visual Studio Solution File, Format Version 12.00
# Visual Studio Version 17
VisualStudioVersion = 17.7.34202.233
MinimumVisualStudioVersion = 10.0.40219.1
Project("{FAE04EC0-301F-11D3-BF4B-00C04F79EFBC}") = "practica 9, ejercicio 3 U3", "practica 9, ejercicio 3 U3.csproj", "{8CAF608E-7D81-4D82-BFB4-3285F0B9043F}"
EndProject
Global
	GlobalSection(SolutionConfigurationPlatforms) = preSolution
		Debug|Any CPU = Debug|Any CPU
		Release|Any CPU = Release|Any CPU
	EndGlobalSection
	GlobalSection(ProjectConfigurationPlatforms) = postSolution
		{8CAF608E-7D81-4D82-BFB4-3285F0B9043F}.Debug|Any CPU.ActiveCfg = Debug|Any CPU
		{8CAF608E-7D81-4D82-BFB4-3285F0B9043F}.Debug|Any CPU.Build.0 = Debug|Any CPU
		{8CAF608E-7D81-4D82-BFB4-3285F0B9043F}.Release|Any CPU.ActiveCfg = Release|Any CPU
		{8CAF608E-7D81-4D82-BFB4-3285F0B9043F}.Release|Any CPU.Build.0 = Release|Any CPU
	EndGlobalSection
	GlobalSection(SolutionProperties) = preSolution
		HideSolutionNode = FALSE
	EndGlobalSection
	GlobalSection(ExtensibilityGlobals) = postSolution
		SolutionGuid = {28B0FDB5-2B42-4BF4-BEA9-8B2C87ECA056}
	EndGlobalSection
EndGlobal
